// !$*UTF8*$!
{
	archiveVersion = 1;
	classes = {
	};
	objectVersion = 46;
	objects = {

/* Begin PBXBuildFile section */
		6386061C1E2035C600642F52 /* main.cpp in Sources */ = {isa = PBXBuildFile; fileRef = 6386061B1E2035C600642F52 /* main.cpp */; };
		6386061F1E2035D300642F52 /* OpenGL.framework in Frameworks */ = {isa = PBXBuildFile; fileRef = 6386061E1E2035D300642F52 /* OpenGL.framework */; };
		638606211E2035DA00642F52 /* GLUT.framework in Frameworks */ = {isa = PBXBuildFile; fileRef = 638606201E2035DA00642F52 /* GLUT.framework */; };
/* End PBXBuildFile section */

/* Begin PBXCopyFilesBuildPhase section */
		6386060F1E20358800642F52 /* CopyFiles */ = {
			isa = PBXCopyFilesBuildPhase;
			buildActionMask = 2147483647;
			dstPath = /usr/share/man/man1/;
			dstSubfolderSpec = 0;
			files = (
			);
			runOnlyForDeploymentPostprocessing = 1;
		};
/* End PBXCopyFilesBuildPhase section */

/* Begin PBXFileReference section */
		638606111E20358900642F52 /* Example-031-old */ = {isa = PBXFileReference; explicitFileType = "compiled.mach-o.executable"; includeInIndex = 0; path = "Example-031-old"; sourceTree = BUILT_PRODUCTS_DIR; };
		6386061B1E2035C600642F52 /* main.cpp */ = {isa = PBXFileReference; fileEncoding = 4; lastKnownFileType = sourcecode.cpp.cpp; name = main.cpp; path = ../src/main.cpp; sourceTree = "<group>"; };
		6386061E1E2035D300642F52 /* OpenGL.framework */ = {isa = PBXFileReference; lastKnownFileType = wrapper.framework; name = OpenGL.framework; path = System/Library/Frameworks/OpenGL.framework; sourceTree = SDKROOT; };
		638606201E2035DA00642F52 /* GLUT.framework */ = {isa = PBXFileReference; lastKnownFileType = wrapper.framework; name = GLUT.framework; path = System/Library/Frameworks/GLUT.framework; sourceTree = SDKROOT; };
/* End PBXFileReference section */

/* Begin PBXFrameworksBuildPhase section */
		6386060E1E20358800642F52 /* Frameworks */ = {
			isa = PBXFrameworksBuildPhase;
			buildActionMask = 2147483647;
			files = (
				638606211E2035DA00642F52 /* GLUT.framework in Frameworks */,
				6386061F1E2035D300642F52 /* OpenGL.framework in Frameworks */,
			);
			runOnlyForDeploymentPostprocessing = 0;
		};
/* End PBXFrameworksBuildPhase section */

/* Begin PBXGroup section */
		638606081E20358800642F52 = {
			isa = PBXGroup;
			children = (
				6386061B1E2035C600642F52 /* main.cpp */,
				638606131E20358900642F52 /* Example-031-old */,
				638606121E20358900642F52 /* Products */,
				6386061D1E2035D300642F52 /* Frameworks */,
			);
			sourceTree = "<group>";
		};
		638606121E20358900642F52 /* Products */ = {
			isa = PBXGroup;
			children = (
				638606111E20358900642F52 /* Example-031-old */,
			);
			name = Products;
			sourceTree = "<group>";
		};
		638606131E20358900642F52 /* Example-031-old */ = {
			isa = PBXGroup;
			children = (
			);
			path = "Example-031-old";
			sourceTree = "<group>";
		};
		6386061D1E2035D300642F52 /* Frameworks */ = {
			isa = PBXGroup;
			children = (
				638606201E2035DA00642F52 /* GLUT.framework */,
				6386061E1E2035D300642F52 /* OpenGL.framework */,
			);
			name = Frameworks;
			sourceTree = "<group>";
		};
/* End PBXGroup section */

/* Begin PBXNativeTarget section */
		638606101E20358800642F52 /* Example-031-old */ = {
			isa = PBXNativeTarget;
			buildConfigurationList = 638606181E20358900642F52 /* Build configuration list for PBXNativeTarget "Example-031-old" */;
			buildPhases = (
				6386060D1E20358800642F52 /* Sources */,
				6386060E1E20358800642F52 /* Frameworks */,
				6386060F1E20358800642F52 /* CopyFiles */,
			);
			buildRules = (
			);
			dependencies = (
			);
			name = "Example-031-old";
			productName = "Example-031-old";
			productReference = 638606111E20358900642F52 /* Example-031-old */;
			productType = "com.apple.product-type.tool";
		};
/* End PBXNativeTarget section */

/* Begin PBXProject section */
		638606091E20358800642F52 /* Project object */ = {
			isa = PBXProject;
			attributes = {
				LastUpgradeCheck = 0810;
				ORGANIZATIONNAME = "David Canino";
				TargetAttributes = {
					638606101E20358800642F52 = {
						CreatedOnToolsVersion = 8.1;
						DevelopmentTeam = WFRBN668F6;
						ProvisioningStyle = Automatic;
					};
				};
			};
			buildConfigurationList = 6386060C1E20358800642F52 /* Build configuration list for PBXProject "Example-031-old" */;
			compatibilityVersion = "Xcode 3.2";
			developmentRegion = English;
			hasScannedForEncodings = 0;
			knownRegions = (
				en,
			);
			mainGroup = 638606081E20358800642F52;
			productRefGroup = 638606121E20358900642F52 /* Products */;
			projectDirPath = "";
			projectRoot = "";
			targets = (
				638606101E20358800642F52 /* Example-031-old */,
			);
		};
/* End PBXProject section */

/* Begin PBXSourcesBuildPhase section */
		6386060D1E20358800642F52 /* Sources */ = {
			isa = PBXSourcesBuildPhase;
			buildActionMask = 2147483647;
			files = (
				6386061C1E2035C600642F52 /* main.cpp in Sources */,
			);
			runOnlyForDeploymentPostprocessing = 0;
		};
/* End PBXSourcesBuildPhase section */

/* Begin XCBuildConfiguration section */
		638606161E20358900642F52 /* Debug */ = {
			isa = XCBuildConfiguration;
			buildSettings = {
				ALWAYS_SEARCH_USER_PATHS = NO;
				CLANG_ANALYZER_NONNULL = YES;
				CLANG_CXX_LANGUAGE_STANDARD = "gnu++0x";
				CLANG_CXX_LIBRARY = "libc++";
				CLANG_ENABLE_MODULES = YES;
				CLANG_ENABLE_OBJC_ARC = YES;
				CLANG_WARN_BOOL_CONVERSION = YES;
				CLANG_WARN_CONSTANT_CONVERSION = YES;
				CLANG_WARN_DIRECT_OBJC_ISA_USAGE = YES_ERROR;
				CLANG_WARN_DOCUMENTATION_COMMENTS = YES;
				CLANG_WARN_EMPTY_BODY = YES;
				CLANG_WARN_ENUM_CONVERSION = YES;
				CLANG_WARN_INFINITE_RECURSION = YES;
				CLANG_WARN_INT_CONVERSION = YES;
				CLANG_WARN_OBJC_ROOT_CLASS = YES_ERROR;
				CLANG_WARN_SUSPICIOUS_MOVES = YES;
				CLANG_WARN_UNREACHABLE_CODE = YES;
				CLANG_WARN__DUPLICATE_METHOD_MATCH = YES;
				CODE_SIGN_IDENTITY = "-";
				COPY_PHASE_STRIP = NO;
				DEBUG_INFORMATION_FORMAT = dwarf;
				ENABLE_STRICT_OBJC_MSGSEND = YES;
				ENABLE_TESTABILITY = YES;
				GCC_C_LANGUAGE_STANDARD = gnu99;
				GCC_DYNAMIC_NO_PIC = NO;
				GCC_NO_COMMON_BLOCKS = YES;
				GCC_OPTIMIZATION_LEVEL = 0;
				GCC_PREPROCESSOR_DEFINITIONS = (
					"DEBUG=1",
					"$(inherited)",
				);
				GCC_WARN_64_TO_32_BIT_CONVERSION = YES;
				GCC_WARN_ABOUT_RETURN_TYPE = YES_ERROR;
				GCC_WARN_UNDECLARED_SELECTOR = YES;
				GCC_WARN_UNINITIALIZED_AUTOS = YES_AGGRESSIVE;
				GCC_WARN_UNUSED_FUNCTION = YES;
				GCC_WARN_UNUSED_VARIABLE = YES;
				MACOSX_DEPLOYMENT_TARGET = 10.11;
				MTL_ENABLE_DEBUG_INFO = YES;
				ONLY_ACTIVE_ARCH = YES;
				SDKROOT = macosx;
			};
			name = Debug;
		};
		638606171E20358900642F52 /* Release */ = {
			isa = XCBuildConfiguration;
			buildSettings = {
				ALWAYS_SEARCH_USER_PATHS = NO;
				CLANG_ANALYZER_NONNULL = YES;
				CLANG_CXX_LANGUAGE_STANDARD = "gnu++0x";
				CLANG_CXX_LIBRARY = "libc++";
				CLANG_ENABLE_MODULES = YES;
				CLANG_ENABLE_OBJC_ARC = YES;
				CLANG_WARN_BOOL_CONVERSION = YES;
				CLANG_WARN_CONSTANT_CONVERSION = YES;
				CLANG_WARN_DIRECT_OBJC_ISA_USAGE = YES_ERROR;
				CLANG_WARN_DOCUMENTATION_COMMENTS = YES;
				CLANG_WARN_EMPTY_BODY = YES;
				CLANG_WARN_ENUM_CONVERSION = YES;
				CLANG_WARN_INFINITE_RECURSION = YES;
				CLANG_WARN_INT_CONVERSION = YES;
				CLANG_WARN_OBJC_ROOT_CLASS = YES_ERROR;
				CLANG_WARN_SUSPICIOUS_MOVES = YES;
				CLANG_WARN_UNREACHABLE_CODE = YES;
				CLANG_WARN__DUPLICATE_METHOD_MATCH = YES;
				CODE_SIGN_IDENTITY = "-";
				COPY_PHASE_STRIP = NO;
				DEBUG_INFORMATION_FORMAT = "dwarf-with-dsym";
				ENABLE_NS_ASSERTIONS = NO;
				ENABLE_STRICT_OBJC_MSGSEND = YES;
				GCC_C_LANGUAGE_STANDARD = gnu99;
				GCC_NO_COMMON_BLOCKS = YES;
				GCC_WARN_64_TO_32_BIT_CONVERSION = YES;
				GCC_WARN_ABOUT_RETURN_TYPE = YES_ERROR;
				GCC_WARN_UNDECLARED_SELECTOR = YES;
				GCC_WARN_UNINITIALIZED_AUTOS = YES_AGGRESSIVE;
				GCC_WARN_UNUSED_FUNCTION = YES;
				GCC_WARN_UNUSED_VARIABLE = YES;
				MACOSX_DEPLOYMENT_TARGET = 10.11;
				MTL_ENABLE_DEBUG_INFO = NO;
				SDKROOT = macosx;
			};
			name = Release;
		};
		638606191E20358900642F52 /* Debug */ = {
			isa = XCBuildConfiguration;
			buildSettings = {
				DEVELOPMENT_TEAM = WFRBN668F6;
				"HEADER_SEARCH_PATHS[arch=*]" = /usr/local/include/;
				"LIBRARY_SEARCH_PATHS[arch=*]" = /usr/local/lib/;
				"OTHER_CFLAGS[arch=*]" = "-Wno-deprecated";
				"OTHER_CPLUSPLUSFLAGS[arch=*]" = "$(OTHER_CFLAGS)";
				"OTHER_LDFLAGS[arch=*]" = "-lGLEW";
				PRODUCT_NAME = "$(TARGET_NAME)";
			};
			name = Debug;
		};
		6386061A1E20358900642F52 /* Release */ = {
			isa = XCBuildConfiguration;
			buildSettings = {
				DEVELOPMENT_TEAM = WFRBN668F6;
				"HEADER_SEARCH_PATHS[arch=*]" = /usr/local/include/;
				"LIBRARY_SEARCH_PATHS[arch=*]" = /usr/local/lib/;
				"OTHER_CFLAGS[arch=*]" = "-Wno-deprecated";
				"OTHER_CPLUSPLUSFLAGS[arch=*]" = "$(OTHER_CFLAGS)";
				"OTHER_LDFLAGS[arch=*]" = "-lGLEW";
				PRODUCT_NAME = "$(TARGET_NAME)";
			};
			name = Release;
		};
/* End XCBuildConfiguration section */

/* Begin XCConfigurationList section */
		6386060C1E20358800642F52 /* Build configuration list for PBXProject "Example-031-old" */ = {
			isa = XCConfigurationList;
			buildConfigurations = (
				638606161E20358900642F52 /* Debug */,
				638606171E20358900642F52 /* Release */,
			);
			defaultConfigurationIsVisible = 0;
			defaultConfigurationName = Release;
		};
		638606181E20358900642F52 /* Build configuration list for PBXNativeTarget "Example-031-old" */ = {
			isa = XCConfigurationList;
			buildConfigurations = (
				638606191E20358900642F52 /* Debug */,
				6386061A1E20358900642F52 /* Release */,
			);
			defaultConfigurationIsVisible = 0;
			defaultConfigurationName = Release;
		};
/* End XCConfigurationList section */
	};
	rootObject = 638606091E20358800642F52 /* Project object */;
}
