// !$*UTF8*$!
{
	archiveVersion = 1;
	classes = {
	};
	objectVersion = 48;
	objects = {

/* Begin PBXBuildFile section */
		63BD4C4C202139F8000795D5 /* main.cpp in Sources */ = {isa = PBXBuildFile; fileRef = 63BD4C4B202139F8000795D5 /* main.cpp */; };
		63BD4C4F20213A21000795D5 /* OpenGL.framework in Frameworks */ = {isa = PBXBuildFile; fileRef = 63BD4C4E20213A21000795D5 /* OpenGL.framework */; };
		63BD4C5120213A28000795D5 /* GLUT.framework in Frameworks */ = {isa = PBXBuildFile; fileRef = 63BD4C5020213A28000795D5 /* GLUT.framework */; };
/* End PBXBuildFile section */

/* Begin PBXCopyFilesBuildPhase section */
		63BD4C3F202139CC000795D5 /* CopyFiles */ = {
			isa = PBXCopyFilesBuildPhase;
			buildActionMask = 2147483647;
			dstPath = /usr/share/man/man1/;
			dstSubfolderSpec = 0;
			files = (
			);
			runOnlyForDeploymentPostprocessing = 1;
		};
/* End PBXCopyFilesBuildPhase section */

/* Begin PBXFileReference section */
		63BD4C41202139CC000795D5 /* Example-005-old */ = {isa = PBXFileReference; explicitFileType = "compiled.mach-o.executable"; includeInIndex = 0; path = "Example-005-old"; sourceTree = BUILT_PRODUCTS_DIR; };
		63BD4C4B202139F8000795D5 /* main.cpp */ = {isa = PBXFileReference; fileEncoding = 4; lastKnownFileType = sourcecode.cpp.cpp; name = main.cpp; path = ../src/main.cpp; sourceTree = "<group>"; };
		63BD4C4E20213A21000795D5 /* OpenGL.framework */ = {isa = PBXFileReference; lastKnownFileType = wrapper.framework; name = OpenGL.framework; path = System/Library/Frameworks/OpenGL.framework; sourceTree = SDKROOT; };
		63BD4C5020213A28000795D5 /* GLUT.framework */ = {isa = PBXFileReference; lastKnownFileType = wrapper.framework; name = GLUT.framework; path = System/Library/Frameworks/GLUT.framework; sourceTree = SDKROOT; };
/* End PBXFileReference section */

/* Begin PBXFrameworksBuildPhase section */
		63BD4C3E202139CC000795D5 /* Frameworks */ = {
			isa = PBXFrameworksBuildPhase;
			buildActionMask = 2147483647;
			files = (
				63BD4C5120213A28000795D5 /* GLUT.framework in Frameworks */,
				63BD4C4F20213A21000795D5 /* OpenGL.framework in Frameworks */,
			);
			runOnlyForDeploymentPostprocessing = 0;
		};
/* End PBXFrameworksBuildPhase section */

/* Begin PBXGroup section */
		63BD4C38202139CC000795D5 = {
			isa = PBXGroup;
			children = (
				63BD4C4B202139F8000795D5 /* main.cpp */,
				63BD4C43202139CC000795D5 /* Example-005-old */,
				63BD4C42202139CC000795D5 /* Products */,
				63BD4C4D20213A21000795D5 /* Frameworks */,
			);
			sourceTree = "<group>";
		};
		63BD4C42202139CC000795D5 /* Products */ = {
			isa = PBXGroup;
			children = (
				63BD4C41202139CC000795D5 /* Example-005-old */,
			);
			name = Products;
			sourceTree = "<group>";
		};
		63BD4C43202139CC000795D5 /* Example-005-old */ = {
			isa = PBXGroup;
			children = (
			);
			path = "Example-005-old";
			sourceTree = "<group>";
		};
		63BD4C4D20213A21000795D5 /* Frameworks */ = {
			isa = PBXGroup;
			children = (
				63BD4C5020213A28000795D5 /* GLUT.framework */,
				63BD4C4E20213A21000795D5 /* OpenGL.framework */,
			);
			name = Frameworks;
			sourceTree = "<group>";
		};
/* End PBXGroup section */

/* Begin PBXNativeTarget section */
		63BD4C40202139CC000795D5 /* Example-005-old */ = {
			isa = PBXNativeTarget;
			buildConfigurationList = 63BD4C48202139CC000795D5 /* Build configuration list for PBXNativeTarget "Example-005-old" */;
			buildPhases = (
				63BD4C3D202139CC000795D5 /* Sources */,
				63BD4C3E202139CC000795D5 /* Frameworks */,
				63BD4C3F202139CC000795D5 /* CopyFiles */,
			);
			buildRules = (
			);
			dependencies = (
			);
			name = "Example-005-old";
			productName = "Example-005-old";
			productReference = 63BD4C41202139CC000795D5 /* Example-005-old */;
			productType = "com.apple.product-type.tool";
		};
/* End PBXNativeTarget section */

/* Begin PBXProject section */
		63BD4C39202139CC000795D5 /* Project object */ = {
			isa = PBXProject;
			attributes = {
				LastUpgradeCheck = 0920;
				ORGANIZATIONNAME = "David Canino";
				TargetAttributes = {
					63BD4C40202139CC000795D5 = {
						CreatedOnToolsVersion = 9.2;
						ProvisioningStyle = Automatic;
					};
				};
			};
			buildConfigurationList = 63BD4C3C202139CC000795D5 /* Build configuration list for PBXProject "Example-005-old" */;
			compatibilityVersion = "Xcode 8.0";
			developmentRegion = en;
			hasScannedForEncodings = 0;
			knownRegions = (
				en,
			);
			mainGroup = 63BD4C38202139CC000795D5;
			productRefGroup = 63BD4C42202139CC000795D5 /* Products */;
			projectDirPath = "";
			projectRoot = "";
			targets = (
				63BD4C40202139CC000795D5 /* Example-005-old */,
			);
		};
/* End PBXProject section */

/* Begin PBXSourcesBuildPhase section */
		63BD4C3D202139CC000795D5 /* Sources */ = {
			isa = PBXSourcesBuildPhase;
			buildActionMask = 2147483647;
			files = (
				63BD4C4C202139F8000795D5 /* main.cpp in Sources */,
			);
			runOnlyForDeploymentPostprocessing = 0;
		};
/* End PBXSourcesBuildPhase section */

/* Begin XCBuildConfiguration section */
		63BD4C46202139CC000795D5 /* Debug */ = {
			isa = XCBuildConfiguration;
			buildSettings = {
				ALWAYS_SEARCH_USER_PATHS = NO;
				CLANG_ANALYZER_NONNULL = YES;
				CLANG_ANALYZER_NUMBER_OBJECT_CONVERSION = YES_AGGRESSIVE;
				CLANG_CXX_LANGUAGE_STANDARD = "gnu++14";
				CLANG_CXX_LIBRARY = "libc++";
				CLANG_ENABLE_MODULES = YES;
				CLANG_ENABLE_OBJC_ARC = YES;
				CLANG_WARN_BLOCK_CAPTURE_AUTORELEASING = YES;
				CLANG_WARN_BOOL_CONVERSION = YES;
				CLANG_WARN_COMMA = YES;
				CLANG_WARN_CONSTANT_CONVERSION = YES;
				CLANG_WARN_DIRECT_OBJC_ISA_USAGE = YES_ERROR;
				CLANG_WARN_DOCUMENTATION_COMMENTS = YES;
				CLANG_WARN_EMPTY_BODY = YES;
				CLANG_WARN_ENUM_CONVERSION = YES;
				CLANG_WARN_INFINITE_RECURSION = YES;
				CLANG_WARN_INT_CONVERSION = YES;
				CLANG_WARN_NON_LITERAL_NULL_CONVERSION = YES;
				CLANG_WARN_OBJC_LITERAL_CONVERSION = YES;
				CLANG_WARN_OBJC_ROOT_CLASS = YES_ERROR;
				CLANG_WARN_RANGE_LOOP_ANALYSIS = YES;
				CLANG_WARN_STRICT_PROTOTYPES = YES;
				CLANG_WARN_SUSPICIOUS_MOVE = YES;
				CLANG_WARN_UNGUARDED_AVAILABILITY = YES_AGGRESSIVE;
				CLANG_WARN_UNREACHABLE_CODE = YES;
				CLANG_WARN__DUPLICATE_METHOD_MATCH = YES;
				CODE_SIGN_IDENTITY = "-";
				COPY_PHASE_STRIP = NO;
				DEBUG_INFORMATION_FORMAT = dwarf;
				ENABLE_STRICT_OBJC_MSGSEND = YES;
				ENABLE_TESTABILITY = YES;
				GCC_C_LANGUAGE_STANDARD = gnu11;
				GCC_DYNAMIC_NO_PIC = NO;
				GCC_NO_COMMON_BLOCKS = YES;
				GCC_OPTIMIZATION_LEVEL = 0;
				GCC_PREPROCESSOR_DEFINITIONS = (
					"DEBUG=1",
					"$(inherited)",
				);
				GCC_WARN_64_TO_32_BIT_CONVERSION = YES;
				GCC_WARN_ABOUT_RETURN_TYPE = YES_ERROR;
				GCC_WARN_UNDECLARED_SELECTOR = YES;
				GCC_WARN_UNINITIALIZED_AUTOS = YES_AGGRESSIVE;
				GCC_WARN_UNUSED_FUNCTION = YES;
				GCC_WARN_UNUSED_VARIABLE = YES;
				MACOSX_DEPLOYMENT_TARGET = 10.12;
				MTL_ENABLE_DEBUG_INFO = YES;
				ONLY_ACTIVE_ARCH = YES;
				SDKROOT = macosx;
			};
			name = Debug;
		};
		63BD4C47202139CC000795D5 /* Release */ = {
			isa = XCBuildConfiguration;
			buildSettings = {
				ALWAYS_SEARCH_USER_PATHS = NO;
				CLANG_ANALYZER_NONNULL = YES;
				CLANG_ANALYZER_NUMBER_OBJECT_CONVERSION = YES_AGGRESSIVE;
				CLANG_CXX_LANGUAGE_STANDARD = "gnu++14";
				CLANG_CXX_LIBRARY = "libc++";
				CLANG_ENABLE_MODULES = YES;
				CLANG_ENABLE_OBJC_ARC = YES;
				CLANG_WARN_BLOCK_CAPTURE_AUTORELEASING = YES;
				CLANG_WARN_BOOL_CONVERSION = YES;
				CLANG_WARN_COMMA = YES;
				CLANG_WARN_CONSTANT_CONVERSION = YES;
				CLANG_WARN_DIRECT_OBJC_ISA_USAGE = YES_ERROR;
				CLANG_WARN_DOCUMENTATION_COMMENTS = YES;
				CLANG_WARN_EMPTY_BODY = YES;
				CLANG_WARN_ENUM_CONVERSION = YES;
				CLANG_WARN_INFINITE_RECURSION = YES;
				CLANG_WARN_INT_CONVERSION = YES;
				CLANG_WARN_NON_LITERAL_NULL_CONVERSION = YES;
				CLANG_WARN_OBJC_LITERAL_CONVERSION = YES;
				CLANG_WARN_OBJC_ROOT_CLASS = YES_ERROR;
				CLANG_WARN_RANGE_LOOP_ANALYSIS = YES;
				CLANG_WARN_STRICT_PROTOTYPES = YES;
				CLANG_WARN_SUSPICIOUS_MOVE = YES;
				CLANG_WARN_UNGUARDED_AVAILABILITY = YES_AGGRESSIVE;
				CLANG_WARN_UNREACHABLE_CODE = YES;
				CLANG_WARN__DUPLICATE_METHOD_MATCH = YES;
				CODE_SIGN_IDENTITY = "-";
				COPY_PHASE_STRIP = NO;
				DEBUG_INFORMATION_FORMAT = "dwarf-with-dsym";
				ENABLE_NS_ASSERTIONS = NO;
				ENABLE_STRICT_OBJC_MSGSEND = YES;
				GCC_C_LANGUAGE_STANDARD = gnu11;
				GCC_NO_COMMON_BLOCKS = YES;
				GCC_WARN_64_TO_32_BIT_CONVERSION = YES;
				GCC_WARN_ABOUT_RETURN_TYPE = YES_ERROR;
				GCC_WARN_UNDECLARED_SELECTOR = YES;
				GCC_WARN_UNINITIALIZED_AUTOS = YES_AGGRESSIVE;
				GCC_WARN_UNUSED_FUNCTION = YES;
				GCC_WARN_UNUSED_VARIABLE = YES;
				MACOSX_DEPLOYMENT_TARGET = 10.12;
				MTL_ENABLE_DEBUG_INFO = NO;
				SDKROOT = macosx;
			};
			name = Release;
		};
		63BD4C49202139CC000795D5 /* Debug */ = {
			isa = XCBuildConfiguration;
			buildSettings = {
				CODE_SIGN_STYLE = Automatic;
				"HEADER_SEARCH_PATHS[arch=*]" = /usr/local/include/;
				"LIBRARY_SEARCH_PATHS[arch=*]" = /usr/local/lib/;
				"OTHER_CFLAGS[arch=*]" = "-Wno-deprecated";
				"OTHER_CPLUSPLUSFLAGS[arch=*]" = "$(OTHER_CFLAGS)";
				"OTHER_LDFLAGS[arch=*]" = "-lGLEW";
				PRODUCT_NAME = "$(TARGET_NAME)";
			};
			name = Debug;
		};
		63BD4C4A202139CC000795D5 /* Release */ = {
			isa = XCBuildConfiguration;
			buildSettings = {
				CODE_SIGN_STYLE = Automatic;
				"HEADER_SEARCH_PATHS[arch=*]" = /usr/local/include/;
				"LIBRARY_SEARCH_PATHS[arch=*]" = /usr/local/lib/;
				"OTHER_CFLAGS[arch=*]" = "-Wno-deprecated";
				"OTHER_CPLUSPLUSFLAGS[arch=*]" = "$(OTHER_CFLAGS)";
				"OTHER_LDFLAGS[arch=*]" = "-lGLEW";
				PRODUCT_NAME = "$(TARGET_NAME)";
			};
			name = Release;
		};
/* End XCBuildConfiguration section */

/* Begin XCConfigurationList section */
		63BD4C3C202139CC000795D5 /* Build configuration list for PBXProject "Example-005-old" */ = {
			isa = XCConfigurationList;
			buildConfigurations = (
				63BD4C46202139CC000795D5 /* Debug */,
				63BD4C47202139CC000795D5 /* Release */,
			);
			defaultConfigurationIsVisible = 0;
			defaultConfigurationName = Release;
		};
		63BD4C48202139CC000795D5 /* Build configuration list for PBXNativeTarget "Example-005-old" */ = {
			isa = XCConfigurationList;
			buildConfigurations = (
				63BD4C49202139CC000795D5 /* Debug */,
				63BD4C4A202139CC000795D5 /* Release */,
			);
			defaultConfigurationIsVisible = 0;
			defaultConfigurationName = Release;
		};
/* End XCConfigurationList section */
	};
	rootObject = 63BD4C39202139CC000795D5 /* Project object */;
}
