// !$*UTF8*$!
{
	archiveVersion = 1;
	classes = {
	};
	objectVersion = 46;
	objects = {

/* Begin PBXBuildFile section */
		6312F2831E0B3D6700B39CCD /* main.cpp in Sources */ = {isa = PBXBuildFile; fileRef = 6312F2821E0B3D6700B39CCD /* main.cpp */; };
		6312F2861E0B3D7200B39CCD /* GLUT.framework in Frameworks */ = {isa = PBXBuildFile; fileRef = 6312F2851E0B3D7200B39CCD /* GLUT.framework */; };
		6312F2881E0B3D7B00B39CCD /* OpenGL.framework in Frameworks */ = {isa = PBXBuildFile; fileRef = 6312F2871E0B3D7B00B39CCD /* OpenGL.framework */; };
/* End PBXBuildFile section */

/* Begin PBXCopyFilesBuildPhase section */
		6312F2761E0B3D3500B39CCD /* CopyFiles */ = {
			isa = PBXCopyFilesBuildPhase;
			buildActionMask = 2147483647;
			dstPath = /usr/share/man/man1/;
			dstSubfolderSpec = 0;
			files = (
			);
			runOnlyForDeploymentPostprocessing = 1;
		};
/* End PBXCopyFilesBuildPhase section */

/* Begin PBXFileReference section */
		6312F2781E0B3D3600B39CCD /* Example-005-old */ = {isa = PBXFileReference; explicitFileType = "compiled.mach-o.executable"; includeInIndex = 0; path = "Example-005-old"; sourceTree = BUILT_PRODUCTS_DIR; };
		6312F2821E0B3D6700B39CCD /* main.cpp */ = {isa = PBXFileReference; fileEncoding = 4; lastKnownFileType = sourcecode.cpp.cpp; name = main.cpp; path = ../src/main.cpp; sourceTree = "<group>"; };
		6312F2851E0B3D7200B39CCD /* GLUT.framework */ = {isa = PBXFileReference; lastKnownFileType = wrapper.framework; name = GLUT.framework; path = System/Library/Frameworks/GLUT.framework; sourceTree = SDKROOT; };
		6312F2871E0B3D7B00B39CCD /* OpenGL.framework */ = {isa = PBXFileReference; lastKnownFileType = wrapper.framework; name = OpenGL.framework; path = System/Library/Frameworks/OpenGL.framework; sourceTree = SDKROOT; };
/* End PBXFileReference section */

/* Begin PBXFrameworksBuildPhase section */
		6312F2751E0B3D3500B39CCD /* Frameworks */ = {
			isa = PBXFrameworksBuildPhase;
			buildActionMask = 2147483647;
			files = (
				6312F2881E0B3D7B00B39CCD /* OpenGL.framework in Frameworks */,
				6312F2861E0B3D7200B39CCD /* GLUT.framework in Frameworks */,
			);
			runOnlyForDeploymentPostprocessing = 0;
		};
/* End PBXFrameworksBuildPhase section */

/* Begin PBXGroup section */
		6312F26F1E0B3D3500B39CCD = {
			isa = PBXGroup;
			children = (
				6312F2821E0B3D6700B39CCD /* main.cpp */,
				6312F27A1E0B3D3600B39CCD /* Example-005-old */,
				6312F2791E0B3D3600B39CCD /* Products */,
				6312F2841E0B3D7200B39CCD /* Frameworks */,
			);
			sourceTree = "<group>";
		};
		6312F2791E0B3D3600B39CCD /* Products */ = {
			isa = PBXGroup;
			children = (
				6312F2781E0B3D3600B39CCD /* Example-005-old */,
			);
			name = Products;
			sourceTree = "<group>";
		};
		6312F27A1E0B3D3600B39CCD /* Example-005-old */ = {
			isa = PBXGroup;
			children = (
			);
			path = "Example-005-old";
			sourceTree = "<group>";
		};
		6312F2841E0B3D7200B39CCD /* Frameworks */ = {
			isa = PBXGroup;
			children = (
				6312F2871E0B3D7B00B39CCD /* OpenGL.framework */,
				6312F2851E0B3D7200B39CCD /* GLUT.framework */,
			);
			name = Frameworks;
			sourceTree = "<group>";
		};
/* End PBXGroup section */

/* Begin PBXNativeTarget section */
		6312F2771E0B3D3500B39CCD /* Example-005-old */ = {
			isa = PBXNativeTarget;
			buildConfigurationList = 6312F27F1E0B3D3600B39CCD /* Build configuration list for PBXNativeTarget "Example-005-old" */;
			buildPhases = (
				6312F2741E0B3D3500B39CCD /* Sources */,
				6312F2751E0B3D3500B39CCD /* Frameworks */,
				6312F2761E0B3D3500B39CCD /* CopyFiles */,
			);
			buildRules = (
			);
			dependencies = (
			);
			name = "Example-005-old";
			productName = "Example-005-old";
			productReference = 6312F2781E0B3D3600B39CCD /* Example-005-old */;
			productType = "com.apple.product-type.tool";
		};
/* End PBXNativeTarget section */

/* Begin PBXProject section */
		6312F2701E0B3D3500B39CCD /* Project object */ = {
			isa = PBXProject;
			attributes = {
				LastUpgradeCheck = 0810;
				ORGANIZATIONNAME = "David Canino";
				TargetAttributes = {
					6312F2771E0B3D3500B39CCD = {
						CreatedOnToolsVersion = 8.1;
						DevelopmentTeam = WFRBN668F6;
						ProvisioningStyle = Automatic;
					};
				};
			};
			buildConfigurationList = 6312F2731E0B3D3500B39CCD /* Build configuration list for PBXProject "Example-005-old" */;
			compatibilityVersion = "Xcode 3.2";
			developmentRegion = English;
			hasScannedForEncodings = 0;
			knownRegions = (
				en,
			);
			mainGroup = 6312F26F1E0B3D3500B39CCD;
			productRefGroup = 6312F2791E0B3D3600B39CCD /* Products */;
			projectDirPath = "";
			projectRoot = "";
			targets = (
				6312F2771E0B3D3500B39CCD /* Example-005-old */,
			);
		};
/* End PBXProject section */

/* Begin PBXSourcesBuildPhase section */
		6312F2741E0B3D3500B39CCD /* Sources */ = {
			isa = PBXSourcesBuildPhase;
			buildActionMask = 2147483647;
			files = (
				6312F2831E0B3D6700B39CCD /* main.cpp in Sources */,
			);
			runOnlyForDeploymentPostprocessing = 0;
		};
/* End PBXSourcesBuildPhase section */

/* Begin XCBuildConfiguration section */
		6312F27D1E0B3D3600B39CCD /* Debug */ = {
			isa = XCBuildConfiguration;
			buildSettings = {
				ALWAYS_SEARCH_USER_PATHS = NO;
				CLANG_ANALYZER_NONNULL = YES;
				CLANG_CXX_LANGUAGE_STANDARD = "gnu++0x";
				CLANG_CXX_LIBRARY = "libc++";
				CLANG_ENABLE_MODULES = YES;
				CLANG_ENABLE_OBJC_ARC = YES;
				CLANG_WARN_BOOL_CONVERSION = YES;
				CLANG_WARN_CONSTANT_CONVERSION = YES;
				CLANG_WARN_DIRECT_OBJC_ISA_USAGE = YES_ERROR;
				CLANG_WARN_DOCUMENTATION_COMMENTS = YES;
				CLANG_WARN_EMPTY_BODY = YES;
				CLANG_WARN_ENUM_CONVERSION = YES;
				CLANG_WARN_INFINITE_RECURSION = YES;
				CLANG_WARN_INT_CONVERSION = YES;
				CLANG_WARN_OBJC_ROOT_CLASS = YES_ERROR;
				CLANG_WARN_SUSPICIOUS_MOVES = YES;
				CLANG_WARN_UNREACHABLE_CODE = YES;
				CLANG_WARN__DUPLICATE_METHOD_MATCH = YES;
				CODE_SIGN_IDENTITY = "-";
				COPY_PHASE_STRIP = NO;
				DEBUG_INFORMATION_FORMAT = dwarf;
				ENABLE_STRICT_OBJC_MSGSEND = YES;
				ENABLE_TESTABILITY = YES;
				GCC_C_LANGUAGE_STANDARD = gnu99;
				GCC_DYNAMIC_NO_PIC = NO;
				GCC_NO_COMMON_BLOCKS = YES;
				GCC_OPTIMIZATION_LEVEL = 0;
				GCC_PREPROCESSOR_DEFINITIONS = (
					"DEBUG=1",
					"$(inherited)",
				);
				GCC_WARN_64_TO_32_BIT_CONVERSION = YES;
				GCC_WARN_ABOUT_RETURN_TYPE = YES_ERROR;
				GCC_WARN_UNDECLARED_SELECTOR = YES;
				GCC_WARN_UNINITIALIZED_AUTOS = YES_AGGRESSIVE;
				GCC_WARN_UNUSED_FUNCTION = YES;
				GCC_WARN_UNUSED_VARIABLE = YES;
				MACOSX_DEPLOYMENT_TARGET = 10.11;
				MTL_ENABLE_DEBUG_INFO = YES;
				ONLY_ACTIVE_ARCH = YES;
				SDKROOT = macosx;
			};
			name = Debug;
		};
		6312F27E1E0B3D3600B39CCD /* Release */ = {
			isa = XCBuildConfiguration;
			buildSettings = {
				ALWAYS_SEARCH_USER_PATHS = NO;
				CLANG_ANALYZER_NONNULL = YES;
				CLANG_CXX_LANGUAGE_STANDARD = "gnu++0x";
				CLANG_CXX_LIBRARY = "libc++";
				CLANG_ENABLE_MODULES = YES;
				CLANG_ENABLE_OBJC_ARC = YES;
				CLANG_WARN_BOOL_CONVERSION = YES;
				CLANG_WARN_CONSTANT_CONVERSION = YES;
				CLANG_WARN_DIRECT_OBJC_ISA_USAGE = YES_ERROR;
				CLANG_WARN_DOCUMENTATION_COMMENTS = YES;
				CLANG_WARN_EMPTY_BODY = YES;
				CLANG_WARN_ENUM_CONVERSION = YES;
				CLANG_WARN_INFINITE_RECURSION = YES;
				CLANG_WARN_INT_CONVERSION = YES;
				CLANG_WARN_OBJC_ROOT_CLASS = YES_ERROR;
				CLANG_WARN_SUSPICIOUS_MOVES = YES;
				CLANG_WARN_UNREACHABLE_CODE = YES;
				CLANG_WARN__DUPLICATE_METHOD_MATCH = YES;
				CODE_SIGN_IDENTITY = "-";
				COPY_PHASE_STRIP = NO;
				DEBUG_INFORMATION_FORMAT = "dwarf-with-dsym";
				ENABLE_NS_ASSERTIONS = NO;
				ENABLE_STRICT_OBJC_MSGSEND = YES;
				GCC_C_LANGUAGE_STANDARD = gnu99;
				GCC_NO_COMMON_BLOCKS = YES;
				GCC_WARN_64_TO_32_BIT_CONVERSION = YES;
				GCC_WARN_ABOUT_RETURN_TYPE = YES_ERROR;
				GCC_WARN_UNDECLARED_SELECTOR = YES;
				GCC_WARN_UNINITIALIZED_AUTOS = YES_AGGRESSIVE;
				GCC_WARN_UNUSED_FUNCTION = YES;
				GCC_WARN_UNUSED_VARIABLE = YES;
				MACOSX_DEPLOYMENT_TARGET = 10.11;
				MTL_ENABLE_DEBUG_INFO = NO;
				SDKROOT = macosx;
			};
			name = Release;
		};
		6312F2801E0B3D3600B39CCD /* Debug */ = {
			isa = XCBuildConfiguration;
			buildSettings = {
				DEVELOPMENT_TEAM = WFRBN668F6;
				"HEADER_SEARCH_PATHS[arch=*]" = /usr/local/include;
				"LIBRARY_SEARCH_PATHS[arch=*]" = /usr/local/lib;
				"OTHER_CFLAGS[arch=*]" = "-Wno-deprecated";
				"OTHER_LDFLAGS[arch=*]" = "-lGLEW";
				PRODUCT_NAME = "$(TARGET_NAME)";
			};
			name = Debug;
		};
		6312F2811E0B3D3600B39CCD /* Release */ = {
			isa = XCBuildConfiguration;
			buildSettings = {
				DEVELOPMENT_TEAM = WFRBN668F6;
				"HEADER_SEARCH_PATHS[arch=*]" = /usr/local/include;
				"LIBRARY_SEARCH_PATHS[arch=*]" = /usr/local/lib;
				"OTHER_CFLAGS[arch=*]" = "-Wno-deprecated";
				"OTHER_LDFLAGS[arch=*]" = "-lGLEW";
				PRODUCT_NAME = "$(TARGET_NAME)";
			};
			name = Release;
		};
/* End XCBuildConfiguration section */

/* Begin XCConfigurationList section */
		6312F2731E0B3D3500B39CCD /* Build configuration list for PBXProject "Example-005-old" */ = {
			isa = XCConfigurationList;
			buildConfigurations = (
				6312F27D1E0B3D3600B39CCD /* Debug */,
				6312F27E1E0B3D3600B39CCD /* Release */,
			);
			defaultConfigurationIsVisible = 0;
			defaultConfigurationName = Release;
		};
		6312F27F1E0B3D3600B39CCD /* Build configuration list for PBXNativeTarget "Example-005-old" */ = {
			isa = XCConfigurationList;
			buildConfigurations = (
				6312F2801E0B3D3600B39CCD /* Debug */,
				6312F2811E0B3D3600B39CCD /* Release */,
			);
			defaultConfigurationIsVisible = 0;
			defaultConfigurationName = Release;
		};
/* End XCConfigurationList section */
	};
	rootObject = 6312F2701E0B3D3500B39CCD /* Project object */;
}
