// !$*UTF8*$!
{
	archiveVersion = 1;
	classes = {
	};
	objectVersion = 46;
	objects = {

/* Begin PBXBuildFile section */
		632573D91E549618005E1E08 /* main.cpp in Sources */ = {isa = PBXBuildFile; fileRef = 632573D81E549618005E1E08 /* main.cpp */; };
		632573DC1E549622005E1E08 /* OpenGL.framework in Frameworks */ = {isa = PBXBuildFile; fileRef = 632573DB1E549622005E1E08 /* OpenGL.framework */; };
		632573DE1E549628005E1E08 /* GLUT.framework in Frameworks */ = {isa = PBXBuildFile; fileRef = 632573DD1E549628005E1E08 /* GLUT.framework */; };
/* End PBXBuildFile section */

/* Begin PBXCopyFilesBuildPhase section */
		63E552291E5495D300F3B24E /* CopyFiles */ = {
			isa = PBXCopyFilesBuildPhase;
			buildActionMask = 2147483647;
			dstPath = /usr/share/man/man1/;
			dstSubfolderSpec = 0;
			files = (
			);
			runOnlyForDeploymentPostprocessing = 1;
		};
/* End PBXCopyFilesBuildPhase section */

/* Begin PBXFileReference section */
		632573D81E549618005E1E08 /* main.cpp */ = {isa = PBXFileReference; fileEncoding = 4; lastKnownFileType = sourcecode.cpp.cpp; name = main.cpp; path = ../src/main.cpp; sourceTree = "<group>"; };
		632573DB1E549622005E1E08 /* OpenGL.framework */ = {isa = PBXFileReference; lastKnownFileType = wrapper.framework; name = OpenGL.framework; path = System/Library/Frameworks/OpenGL.framework; sourceTree = SDKROOT; };
		632573DD1E549628005E1E08 /* GLUT.framework */ = {isa = PBXFileReference; lastKnownFileType = wrapper.framework; name = GLUT.framework; path = System/Library/Frameworks/GLUT.framework; sourceTree = SDKROOT; };
		63E5522B1E5495D300F3B24E /* Example-058-old */ = {isa = PBXFileReference; explicitFileType = "compiled.mach-o.executable"; includeInIndex = 0; path = "Example-058-old"; sourceTree = BUILT_PRODUCTS_DIR; };
/* End PBXFileReference section */

/* Begin PBXFrameworksBuildPhase section */
		63E552281E5495D300F3B24E /* Frameworks */ = {
			isa = PBXFrameworksBuildPhase;
			buildActionMask = 2147483647;
			files = (
				632573DE1E549628005E1E08 /* GLUT.framework in Frameworks */,
				632573DC1E549622005E1E08 /* OpenGL.framework in Frameworks */,
			);
			runOnlyForDeploymentPostprocessing = 0;
		};
/* End PBXFrameworksBuildPhase section */

/* Begin PBXGroup section */
		632573DA1E549622005E1E08 /* Frameworks */ = {
			isa = PBXGroup;
			children = (
				632573DD1E549628005E1E08 /* GLUT.framework */,
				632573DB1E549622005E1E08 /* OpenGL.framework */,
			);
			name = Frameworks;
			sourceTree = "<group>";
		};
		63E552221E5495D300F3B24E = {
			isa = PBXGroup;
			children = (
				632573D81E549618005E1E08 /* main.cpp */,
				63E5522D1E5495D300F3B24E /* Example-058-old */,
				63E5522C1E5495D300F3B24E /* Products */,
				632573DA1E549622005E1E08 /* Frameworks */,
			);
			sourceTree = "<group>";
		};
		63E5522C1E5495D300F3B24E /* Products */ = {
			isa = PBXGroup;
			children = (
				63E5522B1E5495D300F3B24E /* Example-058-old */,
			);
			name = Products;
			sourceTree = "<group>";
		};
		63E5522D1E5495D300F3B24E /* Example-058-old */ = {
			isa = PBXGroup;
			children = (
			);
			path = "Example-058-old";
			sourceTree = "<group>";
		};
/* End PBXGroup section */

/* Begin PBXNativeTarget section */
		63E5522A1E5495D300F3B24E /* Example-058-old */ = {
			isa = PBXNativeTarget;
			buildConfigurationList = 63E552321E5495D300F3B24E /* Build configuration list for PBXNativeTarget "Example-058-old" */;
			buildPhases = (
				63E552271E5495D300F3B24E /* Sources */,
				63E552281E5495D300F3B24E /* Frameworks */,
				63E552291E5495D300F3B24E /* CopyFiles */,
			);
			buildRules = (
			);
			dependencies = (
			);
			name = "Example-058-old";
			productName = "Example-058-old";
			productReference = 63E5522B1E5495D300F3B24E /* Example-058-old */;
			productType = "com.apple.product-type.tool";
		};
/* End PBXNativeTarget section */

/* Begin PBXProject section */
		63E552231E5495D300F3B24E /* Project object */ = {
			isa = PBXProject;
			attributes = {
				LastUpgradeCheck = 0810;
				ORGANIZATIONNAME = "David Canino";
				TargetAttributes = {
					63E5522A1E5495D300F3B24E = {
						CreatedOnToolsVersion = 8.1;
						DevelopmentTeam = WFRBN668F6;
						ProvisioningStyle = Automatic;
					};
				};
			};
			buildConfigurationList = 63E552261E5495D300F3B24E /* Build configuration list for PBXProject "Example-058-old" */;
			compatibilityVersion = "Xcode 3.2";
			developmentRegion = English;
			hasScannedForEncodings = 0;
			knownRegions = (
				en,
			);
			mainGroup = 63E552221E5495D300F3B24E;
			productRefGroup = 63E5522C1E5495D300F3B24E /* Products */;
			projectDirPath = "";
			projectRoot = "";
			targets = (
				63E5522A1E5495D300F3B24E /* Example-058-old */,
			);
		};
/* End PBXProject section */

/* Begin PBXSourcesBuildPhase section */
		63E552271E5495D300F3B24E /* Sources */ = {
			isa = PBXSourcesBuildPhase;
			buildActionMask = 2147483647;
			files = (
				632573D91E549618005E1E08 /* main.cpp in Sources */,
			);
			runOnlyForDeploymentPostprocessing = 0;
		};
/* End PBXSourcesBuildPhase section */

/* Begin XCBuildConfiguration section */
		63E552301E5495D300F3B24E /* Debug */ = {
			isa = XCBuildConfiguration;
			buildSettings = {
				ALWAYS_SEARCH_USER_PATHS = NO;
				CLANG_ANALYZER_NONNULL = YES;
				CLANG_CXX_LANGUAGE_STANDARD = "gnu++0x";
				CLANG_CXX_LIBRARY = "libc++";
				CLANG_ENABLE_MODULES = YES;
				CLANG_ENABLE_OBJC_ARC = YES;
				CLANG_WARN_BOOL_CONVERSION = YES;
				CLANG_WARN_CONSTANT_CONVERSION = YES;
				CLANG_WARN_DIRECT_OBJC_ISA_USAGE = YES_ERROR;
				CLANG_WARN_DOCUMENTATION_COMMENTS = YES;
				CLANG_WARN_EMPTY_BODY = YES;
				CLANG_WARN_ENUM_CONVERSION = YES;
				CLANG_WARN_INFINITE_RECURSION = YES;
				CLANG_WARN_INT_CONVERSION = YES;
				CLANG_WARN_OBJC_ROOT_CLASS = YES_ERROR;
				CLANG_WARN_SUSPICIOUS_MOVES = YES;
				CLANG_WARN_UNREACHABLE_CODE = YES;
				CLANG_WARN__DUPLICATE_METHOD_MATCH = YES;
				CODE_SIGN_IDENTITY = "-";
				COPY_PHASE_STRIP = NO;
				DEBUG_INFORMATION_FORMAT = dwarf;
				ENABLE_STRICT_OBJC_MSGSEND = YES;
				ENABLE_TESTABILITY = YES;
				GCC_C_LANGUAGE_STANDARD = gnu99;
				GCC_DYNAMIC_NO_PIC = NO;
				GCC_NO_COMMON_BLOCKS = YES;
				GCC_OPTIMIZATION_LEVEL = 0;
				GCC_PREPROCESSOR_DEFINITIONS = (
					"DEBUG=1",
					"$(inherited)",
				);
				GCC_WARN_64_TO_32_BIT_CONVERSION = YES;
				GCC_WARN_ABOUT_RETURN_TYPE = YES_ERROR;
				GCC_WARN_UNDECLARED_SELECTOR = YES;
				GCC_WARN_UNINITIALIZED_AUTOS = YES_AGGRESSIVE;
				GCC_WARN_UNUSED_FUNCTION = YES;
				GCC_WARN_UNUSED_VARIABLE = YES;
				MACOSX_DEPLOYMENT_TARGET = 10.11;
				MTL_ENABLE_DEBUG_INFO = YES;
				ONLY_ACTIVE_ARCH = YES;
				SDKROOT = macosx;
			};
			name = Debug;
		};
		63E552311E5495D300F3B24E /* Release */ = {
			isa = XCBuildConfiguration;
			buildSettings = {
				ALWAYS_SEARCH_USER_PATHS = NO;
				CLANG_ANALYZER_NONNULL = YES;
				CLANG_CXX_LANGUAGE_STANDARD = "gnu++0x";
				CLANG_CXX_LIBRARY = "libc++";
				CLANG_ENABLE_MODULES = YES;
				CLANG_ENABLE_OBJC_ARC = YES;
				CLANG_WARN_BOOL_CONVERSION = YES;
				CLANG_WARN_CONSTANT_CONVERSION = YES;
				CLANG_WARN_DIRECT_OBJC_ISA_USAGE = YES_ERROR;
				CLANG_WARN_DOCUMENTATION_COMMENTS = YES;
				CLANG_WARN_EMPTY_BODY = YES;
				CLANG_WARN_ENUM_CONVERSION = YES;
				CLANG_WARN_INFINITE_RECURSION = YES;
				CLANG_WARN_INT_CONVERSION = YES;
				CLANG_WARN_OBJC_ROOT_CLASS = YES_ERROR;
				CLANG_WARN_SUSPICIOUS_MOVES = YES;
				CLANG_WARN_UNREACHABLE_CODE = YES;
				CLANG_WARN__DUPLICATE_METHOD_MATCH = YES;
				CODE_SIGN_IDENTITY = "-";
				COPY_PHASE_STRIP = NO;
				DEBUG_INFORMATION_FORMAT = "dwarf-with-dsym";
				ENABLE_NS_ASSERTIONS = NO;
				ENABLE_STRICT_OBJC_MSGSEND = YES;
				GCC_C_LANGUAGE_STANDARD = gnu99;
				GCC_NO_COMMON_BLOCKS = YES;
				GCC_WARN_64_TO_32_BIT_CONVERSION = YES;
				GCC_WARN_ABOUT_RETURN_TYPE = YES_ERROR;
				GCC_WARN_UNDECLARED_SELECTOR = YES;
				GCC_WARN_UNINITIALIZED_AUTOS = YES_AGGRESSIVE;
				GCC_WARN_UNUSED_FUNCTION = YES;
				GCC_WARN_UNUSED_VARIABLE = YES;
				MACOSX_DEPLOYMENT_TARGET = 10.11;
				MTL_ENABLE_DEBUG_INFO = NO;
				SDKROOT = macosx;
			};
			name = Release;
		};
		63E552331E5495D300F3B24E /* Debug */ = {
			isa = XCBuildConfiguration;
			buildSettings = {
				DEVELOPMENT_TEAM = WFRBN668F6;
				"HEADER_SEARCH_PATHS[arch=*]" = /usr/local/include/;
				"LIBRARY_SEARCH_PATHS[arch=*]" = /usr/local/lib/;
				"OTHER_CFLAGS[arch=*]" = "-Wno-deprecated";
				"OTHER_CPLUSPLUSFLAGS[arch=*]" = "$(OTHER_CFLAGS)";
				"OTHER_LDFLAGS[arch=*]" = "-lGLEW";
				PRODUCT_NAME = "$(TARGET_NAME)";
			};
			name = Debug;
		};
		63E552341E5495D300F3B24E /* Release */ = {
			isa = XCBuildConfiguration;
			buildSettings = {
				DEVELOPMENT_TEAM = WFRBN668F6;
				"HEADER_SEARCH_PATHS[arch=*]" = /usr/local/include/;
				"LIBRARY_SEARCH_PATHS[arch=*]" = /usr/local/lib/;
				"OTHER_CFLAGS[arch=*]" = "-Wno-deprecated";
				"OTHER_CPLUSPLUSFLAGS[arch=*]" = "$(OTHER_CFLAGS)";
				"OTHER_LDFLAGS[arch=*]" = "-lGLEW";
				PRODUCT_NAME = "$(TARGET_NAME)";
			};
			name = Release;
		};
/* End XCBuildConfiguration section */

/* Begin XCConfigurationList section */
		63E552261E5495D300F3B24E /* Build configuration list for PBXProject "Example-058-old" */ = {
			isa = XCConfigurationList;
			buildConfigurations = (
				63E552301E5495D300F3B24E /* Debug */,
				63E552311E5495D300F3B24E /* Release */,
			);
			defaultConfigurationIsVisible = 0;
			defaultConfigurationName = Release;
		};
		63E552321E5495D300F3B24E /* Build configuration list for PBXNativeTarget "Example-058-old" */ = {
			isa = XCConfigurationList;
			buildConfigurations = (
				63E552331E5495D300F3B24E /* Debug */,
				63E552341E5495D300F3B24E /* Release */,
			);
			defaultConfigurationIsVisible = 0;
			defaultConfigurationName = Release;
		};
/* End XCConfigurationList section */
	};
	rootObject = 63E552231E5495D300F3B24E /* Project object */;
}
